{
    "name": "angular-point-sync",
    "version": "6.0.0",
    "lockfileVersion": 1,
    "requires": true,
    "dependencies": {
        "@types/angular": {
            "version": "1.6.32",
            "resolved": "https://registry.npmjs.org/@types/angular/-/angular-1.6.32.tgz",
            "integrity": "sha512-xpx7oFBN2oQEwtD80m+aI8wpejzGvlgkgzYD+MpxFTyJtlbwUUUIaJEaEJOtgtF/9Fndt3q6W1qNGf7vO2AUjw==",
            "dev": true
        },
        "@types/firebase": {
            "version": "2.4.32",
            "resolved": "https://registry.npmjs.org/@types/firebase/-/firebase-2.4.32.tgz",
            "integrity": "sha512-WHuDkJq4PjH3HzmogWstX/r+/c0dGFq7F1fZ9LgT/B4zh/0fps0fUxLDNtuSJZ+PLIpm/EALBhcqZr0qtEy85g==",
            "dev": true
        }
    }
}
